{
  "name": "2_test_kinosite",
  "lockfileVersion": 3,
  "requires": true,
  "packages": {
    "": {
      "dependencies": {
        "@fancyapps/ui": "^5.0.22"
      }
    },
    "node_modules/@fancyapps/ui": {
      "version": "5.0.22",
      "resolved": "https://registry.npmjs.org/@fancyapps/ui/-/ui-5.0.22.tgz",
      "integrity": "sha512-44A5/Hm59mn53FqZRyM4HO/R7UWE79UxgNyHmaudSe+HuU5Kl1g6lxR4Ol1QFaqNS97Pbdytlu4SxYsOX1BTxw=="
    }
  }
}
